
Microsoft Visual Studio Solution File, Format Version 12.00
# Visual Studio 2013
VisualStudioVersion = 12.0.31101.0
MinimumVisualStudioVersion = 10.0.40219.1
Project("{FAE04EC0-301F-11D3-BF4B-00C04F79EFBC}") = "DaNangZ.Web", "DaNangZ\DaNangZ.Web.csproj", "{A389248A-A3D0-4BDD-B20C-688321235DB3}"
EndProject
Project("{FAE04EC0-301F-11D3-BF4B-00C04F79EFBC}") = "DaNangZ.CoreLib", "DaNangZ.CoreLib\DaNangZ.CoreLib.csproj", "{DA94DB1C-B257-4C7C-AEE3-B45DD77F7F95}"
EndProject
Project("{FAE04EC0-301F-11D3-BF4B-00C04F79EFBC}") = "DaNangZ.DbFirst", "DaNangZ.DbFirst\DaNangZ.DbFirst.csproj", "{585C524C-4785-408E-9D0F-89D52E4634B9}"
EndProject
Project("{FAE04EC0-301F-11D3-BF4B-00C04F79EFBC}") = "DaNangZ.BusinessService", "DaNangZ.BusinessService\DaNangZ.BusinessService.csproj", "{6080D278-42EF-4284-9917-51DC21D567E5}"
EndProject
Project("{FAE04EC0-301F-11D3-BF4B-00C04F79EFBC}") = "SQLScript", "SQLScript\SQLScript.csproj", "{4D7FFADB-547F-4BB2-AD71-AC46CC3A27A0}"
EndProject
Project("{FAE04EC0-301F-11D3-BF4B-00C04F79EFBC}") = "DaNangZ.UserService", "DaNangZ.UserService\DaNangZ.UserService.csproj", "{FB93C87E-847F-49D6-82ED-55D55AB9D741}"
EndProject
Global
	GlobalSection(SolutionConfigurationPlatforms) = preSolution
		Debug|Any CPU = Debug|Any CPU
		Release|Any CPU = Release|Any CPU
	EndGlobalSection
	GlobalSection(ProjectConfigurationPlatforms) = postSolution
		{A389248A-A3D0-4BDD-B20C-688321235DB3}.Debug|Any CPU.ActiveCfg = Debug|Any CPU
		{A389248A-A3D0-4BDD-B20C-688321235DB3}.Debug|Any CPU.Build.0 = Debug|Any CPU
		{A389248A-A3D0-4BDD-B20C-688321235DB3}.Release|Any CPU.ActiveCfg = Release|Any CPU
		{A389248A-A3D0-4BDD-B20C-688321235DB3}.Release|Any CPU.Build.0 = Release|Any CPU
		{DA94DB1C-B257-4C7C-AEE3-B45DD77F7F95}.Debug|Any CPU.ActiveCfg = Debug|Any CPU
		{DA94DB1C-B257-4C7C-AEE3-B45DD77F7F95}.Debug|Any CPU.Build.0 = Debug|Any CPU
		{DA94DB1C-B257-4C7C-AEE3-B45DD77F7F95}.Release|Any CPU.ActiveCfg = Release|Any CPU
		{DA94DB1C-B257-4C7C-AEE3-B45DD77F7F95}.Release|Any CPU.Build.0 = Release|Any CPU
		{585C524C-4785-408E-9D0F-89D52E4634B9}.Debug|Any CPU.ActiveCfg = Debug|Any CPU
		{585C524C-4785-408E-9D0F-89D52E4634B9}.Debug|Any CPU.Build.0 = Debug|Any CPU
		{585C524C-4785-408E-9D0F-89D52E4634B9}.Release|Any CPU.ActiveCfg = Release|Any CPU
		{585C524C-4785-408E-9D0F-89D52E4634B9}.Release|Any CPU.Build.0 = Release|Any CPU
		{6080D278-42EF-4284-9917-51DC21D567E5}.Debug|Any CPU.ActiveCfg = Debug|Any CPU
		{6080D278-42EF-4284-9917-51DC21D567E5}.Debug|Any CPU.Build.0 = Debug|Any CPU
		{6080D278-42EF-4284-9917-51DC21D567E5}.Release|Any CPU.ActiveCfg = Release|Any CPU
		{6080D278-42EF-4284-9917-51DC21D567E5}.Release|Any CPU.Build.0 = Release|Any CPU
		{4D7FFADB-547F-4BB2-AD71-AC46CC3A27A0}.Debug|Any CPU.ActiveCfg = Debug|Any CPU
		{4D7FFADB-547F-4BB2-AD71-AC46CC3A27A0}.Debug|Any CPU.Build.0 = Debug|Any CPU
		{4D7FFADB-547F-4BB2-AD71-AC46CC3A27A0}.Release|Any CPU.ActiveCfg = Release|Any CPU
		{4D7FFADB-547F-4BB2-AD71-AC46CC3A27A0}.Release|Any CPU.Build.0 = Release|Any CPU
		{FB93C87E-847F-49D6-82ED-55D55AB9D741}.Debug|Any CPU.ActiveCfg = Debug|Any CPU
		{FB93C87E-847F-49D6-82ED-55D55AB9D741}.Debug|Any CPU.Build.0 = Debug|Any CPU
		{FB93C87E-847F-49D6-82ED-55D55AB9D741}.Release|Any CPU.ActiveCfg = Release|Any CPU
		{FB93C87E-847F-49D6-82ED-55D55AB9D741}.Release|Any CPU.Build.0 = Release|Any CPU
	EndGlobalSection
	GlobalSection(SolutionProperties) = preSolution
		HideSolutionNode = FALSE
	EndGlobalSection
EndGlobal
